
Microsoft Visual Studio Solution File, Format Version 12.00
# Visual Studio Version 16
VisualStudioVersion = 16.0.30413.136
MinimumVisualStudioVersion = 10.0.40219.1
Project("{FAE04EC0-301F-11D3-BF4B-00C04F79EFBC}") = "MVC_Diploma", "MVC_Diploma\MVC_Diploma.csproj", "{2EBBF1FC-D69F-4F54-9D7A-1AC4F228621B}"
EndProject
Project("{FAE04EC0-301F-11D3-BF4B-00C04F79EFBC}") = "MVC_Diploma.Tests", "MVC_Diploma.Tests\MVC_Diploma.Tests.csproj", "{6A884869-F78F-4C1E-B94E-A91589F38090}"
EndProject
Global
	GlobalSection(SolutionConfigurationPlatforms) = preSolution
		Debug|Any CPU = Debug|Any CPU
		Release|Any CPU = Release|Any CPU
	EndGlobalSection
	GlobalSection(ProjectConfigurationPlatforms) = postSolution
		{2EBBF1FC-D69F-4F54-9D7A-1AC4F228621B}.Debug|Any CPU.ActiveCfg = Debug|Any CPU
		{2EBBF1FC-D69F-4F54-9D7A-1AC4F228621B}.Debug|Any CPU.Build.0 = Debug|Any CPU
		{2EBBF1FC-D69F-4F54-9D7A-1AC4F228621B}.Release|Any CPU.ActiveCfg = Release|Any CPU
		{2EBBF1FC-D69F-4F54-9D7A-1AC4F228621B}.Release|Any CPU.Build.0 = Release|Any CPU
		{6A884869-F78F-4C1E-B94E-A91589F38090}.Debug|Any CPU.ActiveCfg = Debug|Any CPU
		{6A884869-F78F-4C1E-B94E-A91589F38090}.Debug|Any CPU.Build.0 = Debug|Any CPU
		{6A884869-F78F-4C1E-B94E-A91589F38090}.Release|Any CPU.ActiveCfg = Release|Any CPU
		{6A884869-F78F-4C1E-B94E-A91589F38090}.Release|Any CPU.Build.0 = Release|Any CPU
	EndGlobalSection
	GlobalSection(SolutionProperties) = preSolution
		HideSolutionNode = FALSE
	EndGlobalSection
	GlobalSection(ExtensibilityGlobals) = postSolution
		SolutionGuid = {690BC23A-8C10-439D-BF1B-5C6F773E84E0}
	EndGlobalSection
EndGlobal
